// !$*UTF8*$!
{
	archiveVersion = 1;
	classes = {
	};
	objectVersion = 54;
	objects = {

/* Begin PBXBuildFile section */
		0437CDE5EAE631BFEE0637E7 /* ChatView.swift in Sources */ = {isa = PBXBuildFile; fileRef = EDE3510136CFB28C42C03D1C /* ChatView.swift */; };
		0915CB5123479CBC98A1B059 /* Assets.swift in Sources */ = {isa = PBXBuildFile; fileRef = 251363BC66CB4C3405EB293B /* Assets.swift */; };
		17B74034A10043EAE641C579 /* ChatModel.swift in Sources */ = {isa = PBXBuildFile; fileRef = 6619C9C5D105FC908605AF7A /* ChatModel.swift */; };
		19EBA372E79E1AB917FD3402 /* Font+Styles.swift in Sources */ = {isa = PBXBuildFile; fileRef = 6325189AD0F8157B0B91EC73 /* Font+Styles.swift */; };
		2EE447A6F25B71A0337CF45A /* ModelRowView.swift in Sources */ = {isa = PBXBuildFile; fileRef = 585C5094594451AC803FADA1 /* ModelRowView.swift */; };
		49D7B6A65C65262700E14058 /* Assets.xcassets in Resources */ = {isa = PBXBuildFile; fileRef = 0D7E88EFBF49D157D2E34C59 /* Assets.xcassets */; };
		553F94B4D033BCA44B07AC4E /* PlaygroundApp.swift in Sources */ = {isa = PBXBuildFile; fileRef = C6EA6F80147865B6F32DD526 /* PlaygroundApp.swift */; };
		5BC1ECBC73BD8FD000E6D831 /* SummarizationModel.swift in Sources */ = {isa = PBXBuildFile; fileRef = FA39763C30FC5AEF51CE9970 /* SummarizationModel.swift */; };
		632A06497E75883F65A1B691 /* ClassificationModel.swift in Sources */ = {isa = PBXBuildFile; fileRef = 564FB5E7A4B38843163C8B6B /* ClassificationModel.swift */; };
		6359806C25E22737674BA42D /* APIKey.swift in Sources */ = {isa = PBXBuildFile; fileRef = 973AFE01399C27D7DCCABEE3 /* APIKey.swift */; };
		638AE07C25768F42EA1A0CD8 /* SummarizationView.swift in Sources */ = {isa = PBXBuildFile; fileRef = 3E5ACA366A0261DEB17AD50F /* SummarizationView.swift */; };
		67F4F11C5554764FDF85D8E5 /* AudioController.swift in Sources */ = {isa = PBXBuildFile; fileRef = B8B55BDB2FC307AB30C52A61 /* AudioController.swift */; };
		719274FB361AA1A97449F933 /* AboutView.swift in Sources */ = {isa = PBXBuildFile; fileRef = 6142DFCC9C1A89E73F548501 /* AboutView.swift */; };
		719DD6321E2A3546EB5A772F /* SendTextView.swift in Sources */ = {isa = PBXBuildFile; fileRef = CA91E28A375A40F104D9F307 /* SendTextView.swift */; };
		7FB8FD4A23F144C56E82ED91 /* SFSymbols in Frameworks */ = {isa = PBXBuildFile; productRef = 0C90D1BCF0CFDB0F9BA398FF /* SFSymbols */; };
		8BFA599195AC52CA9949DE5A /* ModelListView.swift in Sources */ = {isa = PBXBuildFile; fileRef = 5967DFD6D3C332FCAF6AC757 /* ModelListView.swift */; };
		8BFC2113C25C0BF997AFBE27 /* LoopPlayer.swift in Sources */ = {isa = PBXBuildFile; fileRef = 3BD4442DFFC6A30DDFE60E52 /* LoopPlayer.swift */; };
		9582C79121325C59D4AB4219 /* AVURLAsset+Extensions.swift in Sources */ = {isa = PBXBuildFile; fileRef = 90B7A955FB32AABD3FD2C5AC /* AVURLAsset+Extensions.swift */; };
		ACF3DF5B0A0ED8097B3CD473 /* Router.swift in Sources */ = {isa = PBXBuildFile; fileRef = DA2C75E0F83ACB98FBB08E84 /* Router.swift */; };
		B2D077D6947EFDA2F90974FE /* ProcessInfo+Extensions.swift in Sources */ = {isa = PBXBuildFile; fileRef = EBF397C2341F3715125C1ABC /* ProcessInfo+Extensions.swift */; };
		BA8DF1E1E26E94C88B3BC39D /* Metal.framework in Frameworks */ = {isa = PBXBuildFile; fileRef = 68E10C077B8C6752DAE3CA14 /* Metal.framework */; };
		CF51E5B154CFC63DD9C43F73 /* HomeView.swift in Sources */ = {isa = PBXBuildFile; fileRef = CF7026CADB30BBBB0BC86ADA /* HomeView.swift */; };
		E46744897A309BECE20573D9 /* Uzu in Frameworks */ = {isa = PBXBuildFile; productRef = 54C2AE14A6EDA2AFE1D11D7A /* Uzu */; };
		ECD7CFEAF0F7FDFC02F5324D /* ClassificationView.swift in Sources */ = {isa = PBXBuildFile; fileRef = A0CA13E5EAA458D84CCBEB24 /* ClassificationView.swift */; };
/* End PBXBuildFile section */

/* Begin PBXFileReference section */
		0D7E88EFBF49D157D2E34C59 /* Assets.xcassets */ = {isa = PBXFileReference; lastKnownFileType = folder.assetcatalog; path = Assets.xcassets; sourceTree = "<group>"; };
		251363BC66CB4C3405EB293B /* Assets.swift */ = {isa = PBXFileReference; lastKnownFileType = sourcecode.swift; path = Assets.swift; sourceTree = "<group>"; };
		2E674C0E80F3875CC8BB08BA /* Playground-Info.plist */ = {isa = PBXFileReference; lastKnownFileType = text.plist; path = "Playground-Info.plist"; sourceTree = "<group>"; };
		37F035DA8B483CDDF0EB05EB /* Playground.entitlements */ = {isa = PBXFileReference; lastKnownFileType = text.plist.entitlements; path = Playground.entitlements; sourceTree = "<group>"; };
		3BD4442DFFC6A30DDFE60E52 /* LoopPlayer.swift */ = {isa = PBXFileReference; lastKnownFileType = sourcecode.swift; path = LoopPlayer.swift; sourceTree = "<group>"; };
		3E5ACA366A0261DEB17AD50F /* SummarizationView.swift */ = {isa = PBXFileReference; lastKnownFileType = sourcecode.swift; path = SummarizationView.swift; sourceTree = "<group>"; };
		564FB5E7A4B38843163C8B6B /* ClassificationModel.swift */ = {isa = PBXFileReference; lastKnownFileType = sourcecode.swift; path = ClassificationModel.swift; sourceTree = "<group>"; };
		585C5094594451AC803FADA1 /* ModelRowView.swift */ = {isa = PBXFileReference; lastKnownFileType = sourcecode.swift; path = ModelRowView.swift; sourceTree = "<group>"; };
		5967DFD6D3C332FCAF6AC757 /* ModelListView.swift */ = {isa = PBXFileReference; lastKnownFileType = sourcecode.swift; path = ModelListView.swift; sourceTree = "<group>"; };
		6142DFCC9C1A89E73F548501 /* AboutView.swift */ = {isa = PBXFileReference; lastKnownFileType = sourcecode.swift; path = AboutView.swift; sourceTree = "<group>"; };
		6325189AD0F8157B0B91EC73 /* Font+Styles.swift */ = {isa = PBXFileReference; lastKnownFileType = sourcecode.swift; path = "Font+Styles.swift"; sourceTree = "<group>"; };
		6619C9C5D105FC908605AF7A /* ChatModel.swift */ = {isa = PBXFileReference; lastKnownFileType = sourcecode.swift; path = ChatModel.swift; sourceTree = "<group>"; };
		68E10C077B8C6752DAE3CA14 /* Metal.framework */ = {isa = PBXFileReference; lastKnownFileType = wrapper.framework; name = Metal.framework; path = System/Library/Frameworks/Metal.framework; sourceTree = SDKROOT; };
		90B7A955FB32AABD3FD2C5AC /* AVURLAsset+Extensions.swift */ = {isa = PBXFileReference; lastKnownFileType = sourcecode.swift; path = "AVURLAsset+Extensions.swift"; sourceTree = "<group>"; };
		973AFE01399C27D7DCCABEE3 /* APIKey.swift */ = {isa = PBXFileReference; lastKnownFileType = sourcecode.swift; path = APIKey.swift; sourceTree = "<group>"; };
		A0CA13E5EAA458D84CCBEB24 /* ClassificationView.swift */ = {isa = PBXFileReference; lastKnownFileType = sourcecode.swift; path = ClassificationView.swift; sourceTree = "<group>"; };
		B8B55BDB2FC307AB30C52A61 /* AudioController.swift */ = {isa = PBXFileReference; lastKnownFileType = sourcecode.swift; path = AudioController.swift; sourceTree = "<group>"; };
		C6EA6F80147865B6F32DD526 /* PlaygroundApp.swift */ = {isa = PBXFileReference; lastKnownFileType = sourcecode.swift; path = PlaygroundApp.swift; sourceTree = "<group>"; };
		CA91E28A375A40F104D9F307 /* SendTextView.swift */ = {isa = PBXFileReference; lastKnownFileType = sourcecode.swift; path = SendTextView.swift; sourceTree = "<group>"; };
		CF7026CADB30BBBB0BC86ADA /* HomeView.swift */ = {isa = PBXFileReference; lastKnownFileType = sourcecode.swift; path = HomeView.swift; sourceTree = "<group>"; };
		DA2C75E0F83ACB98FBB08E84 /* Router.swift */ = {isa = PBXFileReference; lastKnownFileType = sourcecode.swift; path = Router.swift; sourceTree = "<group>"; };
		E40DD68F934F5F0D2981ACA1 /* Playground.app */ = {isa = PBXFileReference; includeInIndex = 0; lastKnownFileType = wrapper.application; path = Playground.app; sourceTree = BUILT_PRODUCTS_DIR; };
		EBF397C2341F3715125C1ABC /* ProcessInfo+Extensions.swift */ = {isa = PBXFileReference; lastKnownFileType = sourcecode.swift; path = "ProcessInfo+Extensions.swift"; sourceTree = "<group>"; };
		EDE3510136CFB28C42C03D1C /* ChatView.swift */ = {isa = PBXFileReference; lastKnownFileType = sourcecode.swift; path = ChatView.swift; sourceTree = "<group>"; };
		F8DA0F2D8A0E39DFB7CDA69B /* uzu-swift */ = {isa = PBXFileReference; lastKnownFileType = folder; name = "uzu-swift"; path = ..; sourceTree = SOURCE_ROOT; };
		FA39763C30FC5AEF51CE9970 /* SummarizationModel.swift */ = {isa = PBXFileReference; lastKnownFileType = sourcecode.swift; path = SummarizationModel.swift; sourceTree = "<group>"; };
/* End PBXFileReference section */

/* Begin PBXFrameworksBuildPhase section */
		2F8D7CF22299B8D14091AB8E /* Frameworks */ = {
			isa = PBXFrameworksBuildPhase;
			buildActionMask = 2147483647;
			files = (
				E46744897A309BECE20573D9 /* Uzu in Frameworks */,
				7FB8FD4A23F144C56E82ED91 /* SFSymbols in Frameworks */,
				BA8DF1E1E26E94C88B3BC39D /* Metal.framework in Frameworks */,
			);
			runOnlyForDeploymentPostprocessing = 0;
		};
/* End PBXFrameworksBuildPhase section */

/* Begin PBXGroup section */
		0CB3DBA852B3414669BB5C5A /* ViewModels */ = {
			isa = PBXGroup;
			children = (
				6619C9C5D105FC908605AF7A /* ChatModel.swift */,
				564FB5E7A4B38843163C8B6B /* ClassificationModel.swift */,
				FA39763C30FC5AEF51CE9970 /* SummarizationModel.swift */,
			);
			path = ViewModels;
			sourceTree = "<group>";
		};
		3F6B916872C30820F6241E84 /* Products */ = {
			isa = PBXGroup;
			children = (
				E40DD68F934F5F0D2981ACA1 /* Playground.app */,
			);
			name = Products;
			sourceTree = "<group>";
		};
		40418A2D574D69012F53D629 /* Frameworks */ = {
			isa = PBXGroup;
			children = (
				68E10C077B8C6752DAE3CA14 /* Metal.framework */,
			);
			name = Frameworks;
			sourceTree = "<group>";
		};
		4416A83E836BBFE62429B803 /* Extensions */ = {
			isa = PBXGroup;
			children = (
				90B7A955FB32AABD3FD2C5AC /* AVURLAsset+Extensions.swift */,
				6325189AD0F8157B0B91EC73 /* Font+Styles.swift */,
				EBF397C2341F3715125C1ABC /* ProcessInfo+Extensions.swift */,
			);
			path = Extensions;
			sourceTree = "<group>";
		};
		53E7E4CAC9A52724E8D4A249 /* Views */ = {
			isa = PBXGroup;
			children = (
				6142DFCC9C1A89E73F548501 /* AboutView.swift */,
				EDE3510136CFB28C42C03D1C /* ChatView.swift */,
				A0CA13E5EAA458D84CCBEB24 /* ClassificationView.swift */,
				CF7026CADB30BBBB0BC86ADA /* HomeView.swift */,
				5967DFD6D3C332FCAF6AC757 /* ModelListView.swift */,
				585C5094594451AC803FADA1 /* ModelRowView.swift */,
				CA91E28A375A40F104D9F307 /* SendTextView.swift */,
				3E5ACA366A0261DEB17AD50F /* SummarizationView.swift */,
			);
			path = Views;
			sourceTree = "<group>";
		};
		75054112A41CDCE58ADACF92 /* Packages */ = {
			isa = PBXGroup;
			children = (
				F8DA0F2D8A0E39DFB7CDA69B /* uzu-swift */,
			);
			name = Packages;
			sourceTree = "<group>";
		};
		A9654BA3901B95AAF78CE253 /* Resources */ = {
			isa = PBXGroup;
			children = (
				0D7E88EFBF49D157D2E34C59 /* Assets.xcassets */,
				2E674C0E80F3875CC8BB08BA /* Playground-Info.plist */,
				37F035DA8B483CDDF0EB05EB /* Playground.entitlements */,
			);
			path = Resources;
			sourceTree = "<group>";
		};
		AABC9BE64A1302199D5D2AF8 /* Sources */ = {
			isa = PBXGroup;
			children = (
				973AFE01399C27D7DCCABEE3 /* APIKey.swift */,
				B8B55BDB2FC307AB30C52A61 /* AudioController.swift */,
				3BD4442DFFC6A30DDFE60E52 /* LoopPlayer.swift */,
				C6EA6F80147865B6F32DD526 /* PlaygroundApp.swift */,
				DA2C75E0F83ACB98FBB08E84 /* Router.swift */,
				4416A83E836BBFE62429B803 /* Extensions */,
				F0259D9B46FBF93C6183BF45 /* Generated */,
				0CB3DBA852B3414669BB5C5A /* ViewModels */,
				53E7E4CAC9A52724E8D4A249 /* Views */,
			);
			path = Sources;
			sourceTree = "<group>";
		};
		E23F411CF4F5D5291A0322DE = {
			isa = PBXGroup;
			children = (
				75054112A41CDCE58ADACF92 /* Packages */,
				A9654BA3901B95AAF78CE253 /* Resources */,
				AABC9BE64A1302199D5D2AF8 /* Sources */,
				40418A2D574D69012F53D629 /* Frameworks */,
				3F6B916872C30820F6241E84 /* Products */,
			);
			sourceTree = "<group>";
		};
		F0259D9B46FBF93C6183BF45 /* Generated */ = {
			isa = PBXGroup;
			children = (
				251363BC66CB4C3405EB293B /* Assets.swift */,
			);
			path = Generated;
			sourceTree = "<group>";
		};
/* End PBXGroup section */

/* Begin PBXNativeTarget section */
		739B1FD817D42F0264714A50 /* Playground */ = {
			isa = PBXNativeTarget;
			buildConfigurationList = CBF67F902A381FB2989A98D4 /* Build configuration list for PBXNativeTarget "Playground" */;
			buildPhases = (
				58C2CF897E45D74742671FCF /* SwiftGen */,
				E40BECB45945A673BB0CC3F9 /* Sources */,
				C071FD4667C21888C52DF25C /* Resources */,
				2F8D7CF22299B8D14091AB8E /* Frameworks */,
			);
			buildRules = (
			);
			dependencies = (
			);
			name = Playground;
			packageProductDependencies = (
				54C2AE14A6EDA2AFE1D11D7A /* Uzu */,
				0C90D1BCF0CFDB0F9BA398FF /* SFSymbols */,
			);
			productName = Playground;
			productReference = E40DD68F934F5F0D2981ACA1 /* Playground.app */;
			productType = "com.apple.product-type.application";
		};
/* End PBXNativeTarget section */

/* Begin PBXProject section */
		DF84942AD828BBDD499F04C0 /* Project object */ = {
			isa = PBXProject;
			attributes = {
				BuildIndependentTargetsInParallel = YES;
				LastUpgradeCheck = 1430;
				TargetAttributes = {
					739B1FD817D42F0264714A50 = {
						DevelopmentTeam = C39GZ239GY;
						ProvisioningStyle = Automatic;
					};
				};
			};
			buildConfigurationList = C1581E14B552D0BE7FA2423D /* Build configuration list for PBXProject "Playground" */;
			compatibilityVersion = "Xcode 14.0";
			developmentRegion = en;
			hasScannedForEncodings = 0;
			knownRegions = (
				Base,
				en,
			);
			mainGroup = E23F411CF4F5D5291A0322DE;
			minimizedProjectReferenceProxies = 1;
			packageReferences = (
				E85D47D8619BDBEB5135F579 /* XCRemoteSwiftPackageReference "SFSymbols" */,
				F2BAF8A0CB9B5DC307E20DEA /* XCLocalSwiftPackageReference "..//" */,
			);
			preferredProjectObjectVersion = 54;
			projectDirPath = "";
			projectRoot = "";
			targets = (
				739B1FD817D42F0264714A50 /* Playground */,
			);
		};
/* End PBXProject section */

/* Begin PBXResourcesBuildPhase section */
		C071FD4667C21888C52DF25C /* Resources */ = {
			isa = PBXResourcesBuildPhase;
			buildActionMask = 2147483647;
			files = (
				49D7B6A65C65262700E14058 /* Assets.xcassets in Resources */,
			);
			runOnlyForDeploymentPostprocessing = 0;
		};
/* End PBXResourcesBuildPhase section */

/* Begin PBXShellScriptBuildPhase section */
		58C2CF897E45D74742671FCF /* SwiftGen */ = {
			isa = PBXShellScriptBuildPhase;
			buildActionMask = 2147483647;
			files = (
			);
			inputFileListPaths = (
			);
			inputPaths = (
			);
			name = SwiftGen;
			outputFileListPaths = (
			);
			outputPaths = (
				"$(SRCROOT)/Sources/Generated/Assets.swift",
			);
			runOnlyForDeploymentPostprocessing = 0;
			shellPath = /bin/sh;
			shellScript = "SWIFTGEN_EXEC=\"\"\nif [ -f \"/opt/homebrew/bin/swiftgen\" ]; then\n  SWIFTGEN_EXEC=\"/opt/homebrew/bin/swiftgen\"\nelif [ -f \"/usr/local/bin/swiftgen\" ]; then\n  SWIFTGEN_EXEC=\"/usr/local/bin/swiftgen\"\nfi\n\nif [ -n \"$SWIFTGEN_EXEC\" ]; then\n  \"$SWIFTGEN_EXEC\" config run --config \"${PROJECT_DIR}/swiftgen.yml\"\nelse\n  echo \"warning: SwiftGen not installed, skipping code generation. Please run setup.sh\"\nfi\n";
		};
/* End PBXShellScriptBuildPhase section */

/* Begin PBXSourcesBuildPhase section */
		E40BECB45945A673BB0CC3F9 /* Sources */ = {
			isa = PBXSourcesBuildPhase;
			buildActionMask = 2147483647;
			files = (
				6359806C25E22737674BA42D /* APIKey.swift in Sources */,
				9582C79121325C59D4AB4219 /* AVURLAsset+Extensions.swift in Sources */,
				719274FB361AA1A97449F933 /* AboutView.swift in Sources */,
				0915CB5123479CBC98A1B059 /* Assets.swift in Sources */,
				67F4F11C5554764FDF85D8E5 /* AudioController.swift in Sources */,
				17B74034A10043EAE641C579 /* ChatModel.swift in Sources */,
				0437CDE5EAE631BFEE0637E7 /* ChatView.swift in Sources */,
				632A06497E75883F65A1B691 /* ClassificationModel.swift in Sources */,
				ECD7CFEAF0F7FDFC02F5324D /* ClassificationView.swift in Sources */,
				19EBA372E79E1AB917FD3402 /* Font+Styles.swift in Sources */,
				CF51E5B154CFC63DD9C43F73 /* HomeView.swift in Sources */,
				8BFC2113C25C0BF997AFBE27 /* LoopPlayer.swift in Sources */,
				8BFA599195AC52CA9949DE5A /* ModelListView.swift in Sources */,
				2EE447A6F25B71A0337CF45A /* ModelRowView.swift in Sources */,
				553F94B4D033BCA44B07AC4E /* PlaygroundApp.swift in Sources */,
				B2D077D6947EFDA2F90974FE /* ProcessInfo+Extensions.swift in Sources */,
				ACF3DF5B0A0ED8097B3CD473 /* Router.swift in Sources */,
				719DD6321E2A3546EB5A772F /* SendTextView.swift in Sources */,
				5BC1ECBC73BD8FD000E6D831 /* SummarizationModel.swift in Sources */,
				638AE07C25768F42EA1A0CD8 /* SummarizationView.swift in Sources */,
			);
			runOnlyForDeploymentPostprocessing = 0;
		};
/* End PBXSourcesBuildPhase section */

/* Begin XCBuildConfiguration section */
		18883859C44E4AE8042B204F /* Debug */ = {
			isa = XCBuildConfiguration;
			buildSettings = {
				ALWAYS_SEARCH_USER_PATHS = NO;
				ARCHS = arm64;
				CLANG_ANALYZER_NONNULL = YES;
				CLANG_ANALYZER_NUMBER_OBJECT_CONVERSION = YES_AGGRESSIVE;
				CLANG_CXX_LANGUAGE_STANDARD = "gnu++14";
				CLANG_CXX_LIBRARY = "libc++";
				CLANG_ENABLE_MODULES = YES;
				CLANG_ENABLE_OBJC_ARC = YES;
				CLANG_ENABLE_OBJC_WEAK = YES;
				CLANG_WARN_BLOCK_CAPTURE_AUTORELEASING = YES;
				CLANG_WARN_BOOL_CONVERSION = YES;
				CLANG_WARN_COMMA = YES;
				CLANG_WARN_CONSTANT_CONVERSION = YES;
				CLANG_WARN_DEPRECATED_OBJC_IMPLEMENTATIONS = YES;
				CLANG_WARN_DIRECT_OBJC_ISA_USAGE = YES_ERROR;
				CLANG_WARN_DOCUMENTATION_COMMENTS = YES;
				CLANG_WARN_EMPTY_BODY = YES;
				CLANG_WARN_ENUM_CONVERSION = YES;
				CLANG_WARN_INFINITE_RECURSION = YES;
				CLANG_WARN_INT_CONVERSION = YES;
				CLANG_WARN_NON_LITERAL_NULL_CONVERSION = YES;
				CLANG_WARN_OBJC_IMPLICIT_RETAIN_SELF = YES;
				CLANG_WARN_OBJC_LITERAL_CONVERSION = YES;
				CLANG_WARN_OBJC_ROOT_CLASS = YES_ERROR;
				CLANG_WARN_QUOTED_INCLUDE_IN_FRAMEWORK_HEADER = YES;
				CLANG_WARN_RANGE_LOOP_ANALYSIS = YES;
				CLANG_WARN_STRICT_PROTOTYPES = YES;
				CLANG_WARN_SUSPICIOUS_MOVE = YES;
				CLANG_WARN_UNGUARDED_AVAILABILITY = YES_AGGRESSIVE;
				CLANG_WARN_UNREACHABLE_CODE = YES;
				CLANG_WARN__DUPLICATE_METHOD_MATCH = YES;
				COPY_PHASE_STRIP = NO;
				DEBUG_INFORMATION_FORMAT = dwarf;
				ENABLE_STRICT_OBJC_MSGSEND = YES;
				ENABLE_TESTABILITY = YES;
				GCC_C_LANGUAGE_STANDARD = gnu11;
				GCC_DYNAMIC_NO_PIC = NO;
				GCC_NO_COMMON_BLOCKS = YES;
				GCC_OPTIMIZATION_LEVEL = 0;
				GCC_PREPROCESSOR_DEFINITIONS = (
					"$(inherited)",
					"DEBUG=1",
				);
				GCC_WARN_64_TO_32_BIT_CONVERSION = YES;
				GCC_WARN_ABOUT_RETURN_TYPE = YES_ERROR;
				GCC_WARN_UNDECLARED_SELECTOR = YES;
				GCC_WARN_UNINITIALIZED_AUTOS = YES_AGGRESSIVE;
				GCC_WARN_UNUSED_FUNCTION = YES;
				GCC_WARN_UNUSED_VARIABLE = YES;
				MTL_ENABLE_DEBUG_INFO = INCLUDE_SOURCE;
				MTL_FAST_MATH = YES;
				ONLY_ACTIVE_ARCH = YES;
				PRODUCT_NAME = "$(TARGET_NAME)";
				SDKROOT = iphoneos;
				SWIFT_ACTIVE_COMPILATION_CONDITIONS = DEBUG;
				SWIFT_OPTIMIZATION_LEVEL = "-Onone";
				SWIFT_VERSION = 5.0;
			};
			name = Debug;
		};
		4F8F737A22C49C70A327F32E /* Debug */ = {
			isa = XCBuildConfiguration;
			buildSettings = {
				ASSETCATALOG_COMPILER_APPICON_NAME = AppIcon;
				CODE_SIGN_ENTITLEMENTS = Resources/Playground.entitlements;
				CODE_SIGN_IDENTITY = "iPhone Developer";
				CODE_SIGN_STYLE = Automatic;
				CURRENT_PROJECT_VERSION = 8;
				DEVELOPMENT_TEAM = C39GZ239GY;
				INFOPLIST_FILE = "Resources/Playground-Info.plist";
				INFOPLIST_KEY_LSApplicationCategoryType = "public.app-category.utilities";
				IPHONEOS_DEPLOYMENT_TARGET = 18.0;
				LD_RUNPATH_SEARCH_PATHS = (
					"$(inherited)",
					"@executable_path/Frameworks",
				);
				MACOSX_DEPLOYMENT_TARGET = 15.5;
				MARKETING_VERSION = 0.1.0;
				PRODUCT_BUNDLE_IDENTIFIER = com.mirai.tech.playground;
				PRODUCT_NAME = Mirai;
				SDKROOT = iphoneos;
				SUPPORTED_PLATFORMS = "iphoneos iphonesimulator macosx";
				SUPPORTS_MAC_DESIGNED_FOR_IPHONE_IPAD = NO;
				TARGETED_DEVICE_FAMILY = "1,2,6";
			};
			name = Debug;
		};
		DF83FEB514DF89BC00722881 /* Release */ = {
			isa = XCBuildConfiguration;
			buildSettings = {
				ASSETCATALOG_COMPILER_APPICON_NAME = AppIcon;
				CODE_SIGN_ENTITLEMENTS = Resources/Playground.entitlements;
				CODE_SIGN_IDENTITY = "iPhone Developer";
				CODE_SIGN_STYLE = Automatic;
				CURRENT_PROJECT_VERSION = 8;
				DEVELOPMENT_TEAM = C39GZ239GY;
				INFOPLIST_FILE = "Resources/Playground-Info.plist";
				INFOPLIST_KEY_LSApplicationCategoryType = "public.app-category.utilities";
				IPHONEOS_DEPLOYMENT_TARGET = 18.0;
				LD_RUNPATH_SEARCH_PATHS = (
					"$(inherited)",
					"@executable_path/Frameworks",
				);
				MACOSX_DEPLOYMENT_TARGET = 15.5;
				MARKETING_VERSION = 0.1.0;
				PRODUCT_BUNDLE_IDENTIFIER = com.mirai.tech.playground;
				PRODUCT_NAME = Mirai;
				SDKROOT = iphoneos;
				SUPPORTED_PLATFORMS = "iphoneos iphonesimulator macosx";
				SUPPORTS_MAC_DESIGNED_FOR_IPHONE_IPAD = NO;
				TARGETED_DEVICE_FAMILY = "1,2,6";
			};
			name = Release;
		};
		FE96C092F5D790A83D093866 /* Release */ = {
			isa = XCBuildConfiguration;
			buildSettings = {
				ALWAYS_SEARCH_USER_PATHS = NO;
				ARCHS = arm64;
				CLANG_ANALYZER_NONNULL = YES;
				CLANG_ANALYZER_NUMBER_OBJECT_CONVERSION = YES_AGGRESSIVE;
				CLANG_CXX_LANGUAGE_STANDARD = "gnu++14";
				CLANG_CXX_LIBRARY = "libc++";
				CLANG_ENABLE_MODULES = YES;
				CLANG_ENABLE_OBJC_ARC = YES;
				CLANG_ENABLE_OBJC_WEAK = YES;
				CLANG_WARN_BLOCK_CAPTURE_AUTORELEASING = YES;
				CLANG_WARN_BOOL_CONVERSION = YES;
				CLANG_WARN_COMMA = YES;
				CLANG_WARN_CONSTANT_CONVERSION = YES;
				CLANG_WARN_DEPRECATED_OBJC_IMPLEMENTATIONS = YES;
				CLANG_WARN_DIRECT_OBJC_ISA_USAGE = YES_ERROR;
				CLANG_WARN_DOCUMENTATION_COMMENTS = YES;
				CLANG_WARN_EMPTY_BODY = YES;
				CLANG_WARN_ENUM_CONVERSION = YES;
				CLANG_WARN_INFINITE_RECURSION = YES;
				CLANG_WARN_INT_CONVERSION = YES;
				CLANG_WARN_NON_LITERAL_NULL_CONVERSION = YES;
				CLANG_WARN_OBJC_IMPLICIT_RETAIN_SELF = YES;
				CLANG_WARN_OBJC_LITERAL_CONVERSION = YES;
				CLANG_WARN_OBJC_ROOT_CLASS = YES_ERROR;
				CLANG_WARN_QUOTED_INCLUDE_IN_FRAMEWORK_HEADER = YES;
				CLANG_WARN_RANGE_LOOP_ANALYSIS = YES;
				CLANG_WARN_STRICT_PROTOTYPES = YES;
				CLANG_WARN_SUSPICIOUS_MOVE = YES;
				CLANG_WARN_UNGUARDED_AVAILABILITY = YES_AGGRESSIVE;
				CLANG_WARN_UNREACHABLE_CODE = YES;
				CLANG_WARN__DUPLICATE_METHOD_MATCH = YES;
				COPY_PHASE_STRIP = NO;
				DEBUG_INFORMATION_FORMAT = "dwarf-with-dsym";
				ENABLE_NS_ASSERTIONS = NO;
				ENABLE_STRICT_OBJC_MSGSEND = YES;
				GCC_C_LANGUAGE_STANDARD = gnu11;
				GCC_NO_COMMON_BLOCKS = YES;
				GCC_WARN_64_TO_32_BIT_CONVERSION = YES;
				GCC_WARN_ABOUT_RETURN_TYPE = YES_ERROR;
				GCC_WARN_UNDECLARED_SELECTOR = YES;
				GCC_WARN_UNINITIALIZED_AUTOS = YES_AGGRESSIVE;
				GCC_WARN_UNUSED_FUNCTION = YES;
				GCC_WARN_UNUSED_VARIABLE = YES;
				MTL_ENABLE_DEBUG_INFO = NO;
				MTL_FAST_MATH = YES;
				ONLY_ACTIVE_ARCH = YES;
				PRODUCT_NAME = "$(TARGET_NAME)";
				SDKROOT = iphoneos;
				SWIFT_COMPILATION_MODE = wholemodule;
				SWIFT_OPTIMIZATION_LEVEL = "-O";
				SWIFT_VERSION = 5.0;
			};
			name = Release;
		};
/* End XCBuildConfiguration section */

/* Begin XCConfigurationList section */
		C1581E14B552D0BE7FA2423D /* Build configuration list for PBXProject "Playground" */ = {
			isa = XCConfigurationList;
			buildConfigurations = (
				18883859C44E4AE8042B204F /* Debug */,
				FE96C092F5D790A83D093866 /* Release */,
			);
			defaultConfigurationIsVisible = 0;
			defaultConfigurationName = Debug;
		};
		CBF67F902A381FB2989A98D4 /* Build configuration list for PBXNativeTarget "Playground" */ = {
			isa = XCConfigurationList;
			buildConfigurations = (
				4F8F737A22C49C70A327F32E /* Debug */,
				DF83FEB514DF89BC00722881 /* Release */,
			);
			defaultConfigurationIsVisible = 0;
			defaultConfigurationName = Debug;
		};
/* End XCConfigurationList section */

/* Begin XCLocalSwiftPackageReference section */
		F2BAF8A0CB9B5DC307E20DEA /* XCLocalSwiftPackageReference "..//" */ = {
			isa = XCLocalSwiftPackageReference;
			relativePath = "..//";
		};
/* End XCLocalSwiftPackageReference section */

/* Begin XCRemoteSwiftPackageReference section */
		E85D47D8619BDBEB5135F579 /* XCRemoteSwiftPackageReference "SFSymbols" */ = {
			isa = XCRemoteSwiftPackageReference;
			repositoryURL = "https://github.com/Rspoon3/SFSymbols";
			requirement = {
				kind = exactVersion;
				version = 2.6.1;
			};
		};
/* End XCRemoteSwiftPackageReference section */

/* Begin XCSwiftPackageProductDependency section */
		0C90D1BCF0CFDB0F9BA398FF /* SFSymbols */ = {
			isa = XCSwiftPackageProductDependency;
			package = E85D47D8619BDBEB5135F579 /* XCRemoteSwiftPackageReference "SFSymbols" */;
			productName = SFSymbols;
		};
		54C2AE14A6EDA2AFE1D11D7A /* Uzu */ = {
			isa = XCSwiftPackageProductDependency;
			productName = Uzu;
		};
/* End XCSwiftPackageProductDependency section */
	};
	rootObject = DF84942AD828BBDD499F04C0 /* Project object */;
}
